
Microsoft Visual Studio Solution File, Format Version 12.00
# Visual Studio Version 17
VisualStudioVersion = 17.4.33122.133
MinimumVisualStudioVersion = 10.0.40219.1
Project("{FAE04EC0-301F-11D3-BF4B-00C04F79EFBC}") = "CpuSnoop", "CpuSnoop\CpuSnoop.csproj", "{9B8EE19B-398D-48F9-A02B-E7D6749CD0EC}"
EndProject
Project("{2150E333-8FDC-42A3-9474-1A3956D46DE8}") = "Solution Items", "Solution Items", "{DDBDA255-BFD5-4905-9AA8-166DF9DDA6A0}"
	ProjectSection(SolutionItems) = preProject
		.editorconfig = .editorconfig
	EndProjectSection
EndProject
Global
	GlobalSection(SolutionConfigurationPlatforms) = preSolution
		Debug|Any CPU = Debug|Any CPU
		Release|Any CPU = Release|Any CPU
	EndGlobalSection
	GlobalSection(ProjectConfigurationPlatforms) = postSolution
		{9B8EE19B-398D-48F9-A02B-E7D6749CD0EC}.Debug|Any CPU.ActiveCfg = Debug|Any CPU
		{9B8EE19B-398D-48F9-A02B-E7D6749CD0EC}.Debug|Any CPU.Build.0 = Debug|Any CPU
		{9B8EE19B-398D-48F9-A02B-E7D6749CD0EC}.Release|Any CPU.ActiveCfg = Release|Any CPU
		{9B8EE19B-398D-48F9-A02B-E7D6749CD0EC}.Release|Any CPU.Build.0 = Release|Any CPU
	EndGlobalSection
	GlobalSection(SolutionProperties) = preSolution
		HideSolutionNode = FALSE
	EndGlobalSection
	GlobalSection(ExtensibilityGlobals) = postSolution
		SolutionGuid = {7620E26A-69E4-410C-AB78-A8E6F05DD2F7}
	EndGlobalSection
EndGlobal
